
Microsoft Visual Studio Solution File, Format Version 12.00
# Visual Studio Version 16
VisualStudioVersion = 16.0.32901.82
MinimumVisualStudioVersion = 10.0.40219.1
Project("{FAE04EC0-301F-11D3-BF4B-00C04F79EFBC}") = "Employee type for array", "Employee type for array\Employee type for array.csproj", "{2CFDDFAB-4909-4CAF-8D28-D0923C83E4BF}"
EndProject
Global
	GlobalSection(SolutionConfigurationPlatforms) = preSolution
		Debug|Any CPU = Debug|Any CPU
		Release|Any CPU = Release|Any CPU
	EndGlobalSection
	GlobalSection(ProjectConfigurationPlatforms) = postSolution
		{2CFDDFAB-4909-4CAF-8D28-D0923C83E4BF}.Debug|Any CPU.ActiveCfg = Debug|Any CPU
		{2CFDDFAB-4909-4CAF-8D28-D0923C83E4BF}.Debug|Any CPU.Build.0 = Debug|Any CPU
		{2CFDDFAB-4909-4CAF-8D28-D0923C83E4BF}.Release|Any CPU.ActiveCfg = Release|Any CPU
		{2CFDDFAB-4909-4CAF-8D28-D0923C83E4BF}.Release|Any CPU.Build.0 = Release|Any CPU
	EndGlobalSection
	GlobalSection(SolutionProperties) = preSolution
		HideSolutionNode = FALSE
	EndGlobalSection
	GlobalSection(ExtensibilityGlobals) = postSolution
		SolutionGuid = {B771C864-337C-4F15-B947-6FC9FB8A23C8}
	EndGlobalSection
EndGlobal
