
Microsoft Visual Studio Solution File, Format Version 12.00
# Visual Studio Version 16
VisualStudioVersion = 16.0.32901.82
MinimumVisualStudioVersion = 10.0.40219.1
Project("{FAE04EC0-301F-11D3-BF4B-00C04F79EFBC}") = "Implisit operation for Celcius", "Implisit operation for Celcius\Implisit operation for Celcius.csproj", "{42F84589-96A6-4DDF-ADBE-39F88318D18D}"
EndProject
Global
	GlobalSection(SolutionConfigurationPlatforms) = preSolution
		Debug|Any CPU = Debug|Any CPU
		Release|Any CPU = Release|Any CPU
	EndGlobalSection
	GlobalSection(ProjectConfigurationPlatforms) = postSolution
		{42F84589-96A6-4DDF-ADBE-39F88318D18D}.Debug|Any CPU.ActiveCfg = Debug|Any CPU
		{42F84589-96A6-4DDF-ADBE-39F88318D18D}.Debug|Any CPU.Build.0 = Debug|Any CPU
		{42F84589-96A6-4DDF-ADBE-39F88318D18D}.Release|Any CPU.ActiveCfg = Release|Any CPU
		{42F84589-96A6-4DDF-ADBE-39F88318D18D}.Release|Any CPU.Build.0 = Release|Any CPU
	EndGlobalSection
	GlobalSection(SolutionProperties) = preSolution
		HideSolutionNode = FALSE
	EndGlobalSection
	GlobalSection(ExtensibilityGlobals) = postSolution
		SolutionGuid = {E276E307-5DA7-43E9-9590-FE7C1A31F985}
	EndGlobalSection
EndGlobal
